
Microsoft Visual Studio Solution File, Format Version 12.00
# Visual Studio Version 16
VisualStudioVersion = 16.0.30804.86
MinimumVisualStudioVersion = 10.0.40219.1
Project("{FAE04EC0-301F-11D3-BF4B-00C04F79EFBC}") = "MasterSalesClientAPI", "MasterSalesClientAPI\MasterSalesClientAPI.csproj", "{071F3566-46F9-4313-8113-D64232929118}"
EndProject
Global
	GlobalSection(SolutionConfigurationPlatforms) = preSolution
		Debug|Any CPU = Debug|Any CPU
		Release|Any CPU = Release|Any CPU
	EndGlobalSection
	GlobalSection(ProjectConfigurationPlatforms) = postSolution
		{071F3566-46F9-4313-8113-D64232929118}.Debug|Any CPU.ActiveCfg = Debug|Any CPU
		{071F3566-46F9-4313-8113-D64232929118}.Debug|Any CPU.Build.0 = Debug|Any CPU
		{071F3566-46F9-4313-8113-D64232929118}.Release|Any CPU.ActiveCfg = Release|Any CPU
		{071F3566-46F9-4313-8113-D64232929118}.Release|Any CPU.Build.0 = Release|Any CPU
	EndGlobalSection
	GlobalSection(SolutionProperties) = preSolution
		HideSolutionNode = FALSE
	EndGlobalSection
	GlobalSection(ExtensibilityGlobals) = postSolution
		SolutionGuid = {921E492C-6934-4E25-84E7-80ED6871BAE6}
	EndGlobalSection
EndGlobal
